
Microsoft Visual Studio Solution File, Format Version 12.00
# Visual Studio 15
VisualStudioVersion = 15.0.28307.168
MinimumVisualStudioVersion = 10.0.40219.1
Project("{9A19103F-16F7-4668-BE54-9A1E7A4F7556}") = "SumSub.Api.Client", "SumSub.Api.Client\SumSub.Api.Client.csproj", "{A767554F-6B4D-4490-AE51-7CFCC6140D06}"
EndProject
Project("{9A19103F-16F7-4668-BE54-9A1E7A4F7556}") = "SumSub.Api.Client.Tests", "SumSub.Api.Client.Tests\SumSub.Api.Client.Tests.csproj", "{5C630DAD-92E1-4A60-834E-2FBB0AEB1010}"
EndProject
Project("{2150E333-8FDC-42A3-9474-1A3956D46DE8}") = "Solution Folder", "Solution Folder", "{41D7367F-1C98-4D0D-A129-D18635F3D98C}"
	ProjectSection(SolutionItems) = preProject
		Directory.Build.props = Directory.Build.props
		global.json = global.json
	EndProjectSection
EndProject
Global
	GlobalSection(SolutionConfigurationPlatforms) = preSolution
		Debug|Any CPU = Debug|Any CPU
		Release|Any CPU = Release|Any CPU
	EndGlobalSection
	GlobalSection(ProjectConfigurationPlatforms) = postSolution
		{A767554F-6B4D-4490-AE51-7CFCC6140D06}.Debug|Any CPU.ActiveCfg = Debug|Any CPU
		{A767554F-6B4D-4490-AE51-7CFCC6140D06}.Debug|Any CPU.Build.0 = Debug|Any CPU
		{A767554F-6B4D-4490-AE51-7CFCC6140D06}.Release|Any CPU.ActiveCfg = Release|Any CPU
		{A767554F-6B4D-4490-AE51-7CFCC6140D06}.Release|Any CPU.Build.0 = Release|Any CPU
		{5C630DAD-92E1-4A60-834E-2FBB0AEB1010}.Debug|Any CPU.ActiveCfg = Debug|Any CPU
		{5C630DAD-92E1-4A60-834E-2FBB0AEB1010}.Debug|Any CPU.Build.0 = Debug|Any CPU
		{5C630DAD-92E1-4A60-834E-2FBB0AEB1010}.Release|Any CPU.ActiveCfg = Release|Any CPU
		{5C630DAD-92E1-4A60-834E-2FBB0AEB1010}.Release|Any CPU.Build.0 = Release|Any CPU
	EndGlobalSection
	GlobalSection(SolutionProperties) = preSolution
		HideSolutionNode = FALSE
	EndGlobalSection
	GlobalSection(ExtensibilityGlobals) = postSolution
		SolutionGuid = {DB6A1A0C-4317-4184-8AF4-9C78E716AC3D}
	EndGlobalSection
EndGlobal
